
Microsoft Visual Studio Solution File, Format Version 12.00
# Visual Studio Version 17
VisualStudioVersion = 17.13.35825.156 d17.13
MinimumVisualStudioVersion = 10.0.40219.1
Project("{FAE04EC0-301F-11D3-BF4B-00C04F79EFBC}") = "AvinashBankBackEnd", "AvinashBankBackEnd.csproj", "{EE6FA3AB-A39B-4E67-BC64-04C34935D729}"
EndProject
Global
	GlobalSection(SolutionConfigurationPlatforms) = preSolution
		Debug|Any CPU = Debug|Any CPU
		Release|Any CPU = Release|Any CPU
	EndGlobalSection
	GlobalSection(ProjectConfigurationPlatforms) = postSolution
		{EE6FA3AB-A39B-4E67-BC64-04C34935D729}.Debug|Any CPU.ActiveCfg = Debug|Any CPU
		{EE6FA3AB-A39B-4E67-BC64-04C34935D729}.Debug|Any CPU.Build.0 = Debug|Any CPU
		{EE6FA3AB-A39B-4E67-BC64-04C34935D729}.Release|Any CPU.ActiveCfg = Release|Any CPU
		{EE6FA3AB-A39B-4E67-BC64-04C34935D729}.Release|Any CPU.Build.0 = Release|Any CPU
	EndGlobalSection
	GlobalSection(SolutionProperties) = preSolution
		HideSolutionNode = FALSE
	EndGlobalSection
	GlobalSection(ExtensibilityGlobals) = postSolution
		SolutionGuid = {E94329F7-D335-41CA-AD2D-4F973ABE482C}
	EndGlobalSection
EndGlobal
